// !$*UTF8*$!
{
	archiveVersion = 1;
	classes = {
	};
	objectVersion = 50;
	objects = {

/* Begin PBXBuildFile section */
		0A59C9C020E3DC06004A3F77 /* PrimitiveModel.swift in Sources */ = {isa = PBXBuildFile; fileRef = 0A59C9BF20E3DC06004A3F77 /* PrimitiveModel.swift */; };
		0A99010D20E165DE00EEF20C /* AppDelegate.swift in Sources */ = {isa = PBXBuildFile; fileRef = 0A99010C20E165DE00EEF20C /* AppDelegate.swift */; };
		0A99010F20E165DE00EEF20C /* ViewController.swift in Sources */ = {isa = PBXBuildFile; fileRef = 0A99010E20E165DE00EEF20C /* ViewController.swift */; };
		0A99011120E165DE00EEF20C /* Assets.xcassets in Resources */ = {isa = PBXBuildFile; fileRef = 0A99011020E165DE00EEF20C /* Assets.xcassets */; };
		0A99011420E165DE00EEF20C /* Main.storyboard in Resources */ = {isa = PBXBuildFile; fileRef = 0A99011220E165DE00EEF20C /* Main.storyboard */; };
		0A99011F20E1808C00EEF20C /* Device.swift in Sources */ = {isa = PBXBuildFile; fileRef = 0A99011E20E1808C00EEF20C /* Device.swift */; };
		0A99012120E180A900EEF20C /* DeviceQuery.swift in Sources */ = {isa = PBXBuildFile; fileRef = 0A99012020E180A900EEF20C /* DeviceQuery.swift */; };
		0AF9D9F620E1D9A100A6DA1B /* MTLClearColor+Ext.swift in Sources */ = {isa = PBXBuildFile; fileRef = 0AF9D9F520E1D9A100A6DA1B /* MTLClearColor+Ext.swift */; };
/* End PBXBuildFile section */

/* Begin PBXFileReference section */
		0A59C9BF20E3DC06004A3F77 /* PrimitiveModel.swift */ = {isa = PBXFileReference; lastKnownFileType = sourcecode.swift; path = PrimitiveModel.swift; sourceTree = "<group>"; };
		0A99010920E165DD00EEF20C /* Metal App.app */ = {isa = PBXFileReference; explicitFileType = wrapper.application; includeInIndex = 0; path = "Metal App.app"; sourceTree = BUILT_PRODUCTS_DIR; };
		0A99010C20E165DE00EEF20C /* AppDelegate.swift */ = {isa = PBXFileReference; lastKnownFileType = sourcecode.swift; path = AppDelegate.swift; sourceTree = "<group>"; };
		0A99010E20E165DE00EEF20C /* ViewController.swift */ = {isa = PBXFileReference; lastKnownFileType = sourcecode.swift; path = ViewController.swift; sourceTree = "<group>"; };
		0A99011020E165DE00EEF20C /* Assets.xcassets */ = {isa = PBXFileReference; lastKnownFileType = folder.assetcatalog; path = Assets.xcassets; sourceTree = "<group>"; };
		0A99011320E165DE00EEF20C /* Base */ = {isa = PBXFileReference; lastKnownFileType = file.storyboard; name = Base; path = Base.lproj/Main.storyboard; sourceTree = "<group>"; };
		0A99011620E165DE00EEF20C /* Metal_App.entitlements */ = {isa = PBXFileReference; lastKnownFileType = text.plist.entitlements; path = Metal_App.entitlements; sourceTree = "<group>"; };
		0A99011E20E1808C00EEF20C /* Device.swift */ = {isa = PBXFileReference; lastKnownFileType = sourcecode.swift; path = Device.swift; sourceTree = "<group>"; };
		0A99012020E180A900EEF20C /* DeviceQuery.swift */ = {isa = PBXFileReference; lastKnownFileType = sourcecode.swift; path = DeviceQuery.swift; sourceTree = "<group>"; };
		0AF9D9F520E1D9A100A6DA1B /* MTLClearColor+Ext.swift */ = {isa = PBXFileReference; lastKnownFileType = sourcecode.swift; path = "MTLClearColor+Ext.swift"; sourceTree = "<group>"; };
/* End PBXFileReference section */

/* Begin PBXFrameworksBuildPhase section */
		0A99010620E165DD00EEF20C /* Frameworks */ = {
			isa = PBXFrameworksBuildPhase;
			buildActionMask = 2147483647;
			files = (
			);
			runOnlyForDeploymentPostprocessing = 0;
		};
/* End PBXFrameworksBuildPhase section */

/* Begin PBXGroup section */
		0A59C9C120E3DCB2004A3F77 /* Data */ = {
			isa = PBXGroup;
			children = (
				0A59C9BF20E3DC06004A3F77 /* PrimitiveModel.swift */,
				0AF9D9F520E1D9A100A6DA1B /* MTLClearColor+Ext.swift */,
			);
			path = Data;
			sourceTree = "<group>";
		};
		0A99010020E165DD00EEF20C = {
			isa = PBXGroup;
			children = (
				0A99010B20E165DD00EEF20C /* Metal App */,
				0A99010A20E165DD00EEF20C /* Products */,
			);
			sourceTree = "<group>";
		};
		0A99010A20E165DD00EEF20C /* Products */ = {
			isa = PBXGroup;
			children = (
				0A99010920E165DD00EEF20C /* Metal App.app */,
			);
			name = Products;
			sourceTree = "<group>";
		};
		0A99010B20E165DD00EEF20C /* Metal App */ = {
			isa = PBXGroup;
			children = (
				0A99010C20E165DE00EEF20C /* AppDelegate.swift */,
				0A99010E20E165DE00EEF20C /* ViewController.swift */,
				0A59C9C120E3DCB2004A3F77 /* Data */,
				0A99012220E180BE00EEF20C /* Device */,
				0A99011020E165DE00EEF20C /* Assets.xcassets */,
				0A99011220E165DE00EEF20C /* Main.storyboard */,
				0A99011620E165DE00EEF20C /* Metal_App.entitlements */,
			);
			path = "Metal App";
			sourceTree = "<group>";
		};
		0A99012220E180BE00EEF20C /* Device */ = {
			isa = PBXGroup;
			children = (
				0A99011E20E1808C00EEF20C /* Device.swift */,
				0A99012020E180A900EEF20C /* DeviceQuery.swift */,
			);
			path = Device;
			sourceTree = "<group>";
		};
/* End PBXGroup section */

/* Begin PBXNativeTarget section */
		0A99010820E165DD00EEF20C /* Metal App */ = {
			isa = PBXNativeTarget;
			buildConfigurationList = 0A99011920E165DE00EEF20C /* Build configuration list for PBXNativeTarget "Metal App" */;
			buildPhases = (
				0A99010520E165DD00EEF20C /* Sources */,
				0A99010620E165DD00EEF20C /* Frameworks */,
				0A99010720E165DD00EEF20C /* Resources */,
			);
			buildRules = (
			);
			dependencies = (
			);
			name = "Metal App";
			productName = "Metal App";
			productReference = 0A99010920E165DD00EEF20C /* Metal App.app */;
			productType = "com.apple.product-type.application";
		};
/* End PBXNativeTarget section */

/* Begin PBXProject section */
		0A99010120E165DD00EEF20C /* Project object */ = {
			isa = PBXProject;
			attributes = {
				LastSwiftUpdateCheck = 1000;
				LastUpgradeCheck = 1000;
				ORGANIZATIONNAME = "Kevin Vitale";
				TargetAttributes = {
					0A99010820E165DD00EEF20C = {
						CreatedOnToolsVersion = 10.0;
					};
				};
			};
			buildConfigurationList = 0A99010420E165DD00EEF20C /* Build configuration list for PBXProject "Metal App" */;
			compatibilityVersion = "Xcode 9.3";
			developmentRegion = en;
			hasScannedForEncodings = 0;
			knownRegions = (
				en,
				Base,
			);
			mainGroup = 0A99010020E165DD00EEF20C;
			productRefGroup = 0A99010A20E165DD00EEF20C /* Products */;
			projectDirPath = "";
			projectRoot = "";
			targets = (
				0A99010820E165DD00EEF20C /* Metal App */,
			);
		};
/* End PBXProject section */

/* Begin PBXResourcesBuildPhase section */
		0A99010720E165DD00EEF20C /* Resources */ = {
			isa = PBXResourcesBuildPhase;
			buildActionMask = 2147483647;
			files = (
				0A99011120E165DE00EEF20C /* Assets.xcassets in Resources */,
				0A99011420E165DE00EEF20C /* Main.storyboard in Resources */,
			);
			runOnlyForDeploymentPostprocessing = 0;
		};
/* End PBXResourcesBuildPhase section */

/* Begin PBXSourcesBuildPhase section */
		0A99010520E165DD00EEF20C /* Sources */ = {
			isa = PBXSourcesBuildPhase;
			buildActionMask = 2147483647;
			files = (
				0A99011F20E1808C00EEF20C /* Device.swift in Sources */,
				0A59C9C020E3DC06004A3F77 /* PrimitiveModel.swift in Sources */,
				0A99010F20E165DE00EEF20C /* ViewController.swift in Sources */,
				0A99012120E180A900EEF20C /* DeviceQuery.swift in Sources */,
				0AF9D9F620E1D9A100A6DA1B /* MTLClearColor+Ext.swift in Sources */,
				0A99010D20E165DE00EEF20C /* AppDelegate.swift in Sources */,
			);
			runOnlyForDeploymentPostprocessing = 0;
		};
/* End PBXSourcesBuildPhase section */

/* Begin PBXVariantGroup section */
		0A99011220E165DE00EEF20C /* Main.storyboard */ = {
			isa = PBXVariantGroup;
			children = (
				0A99011320E165DE00EEF20C /* Base */,
			);
			name = Main.storyboard;
			sourceTree = "<group>";
		};
/* End PBXVariantGroup section */

/* Begin XCBuildConfiguration section */
		0A99011720E165DE00EEF20C /* Debug */ = {
			isa = XCBuildConfiguration;
			buildSettings = {
				ALWAYS_SEARCH_USER_PATHS = NO;
				CLANG_ANALYZER_NONNULL = YES;
				CLANG_ANALYZER_NUMBER_OBJECT_CONVERSION = YES_AGGRESSIVE;
				CLANG_CXX_LANGUAGE_STANDARD = "gnu++14";
				CLANG_CXX_LIBRARY = "libc++";
				CLANG_ENABLE_MODULES = YES;
				CLANG_ENABLE_OBJC_ARC = YES;
				CLANG_ENABLE_OBJC_WEAK = YES;
				CLANG_WARN_BLOCK_CAPTURE_AUTORELEASING = YES;
				CLANG_WARN_BOOL_CONVERSION = YES;
				CLANG_WARN_COMMA = YES;
				CLANG_WARN_CONSTANT_CONVERSION = YES;
				CLANG_WARN_DEPRECATED_OBJC_IMPLEMENTATIONS = YES;
				CLANG_WARN_DIRECT_OBJC_ISA_USAGE = YES_ERROR;
				CLANG_WARN_DOCUMENTATION_COMMENTS = YES;
				CLANG_WARN_EMPTY_BODY = YES;
				CLANG_WARN_ENUM_CONVERSION = YES;
				CLANG_WARN_INFINITE_RECURSION = YES;
				CLANG_WARN_INT_CONVERSION = YES;
				CLANG_WARN_NON_LITERAL_NULL_CONVERSION = YES;
				CLANG_WARN_OBJC_IMPLICIT_RETAIN_SELF = YES;
				CLANG_WARN_OBJC_LITERAL_CONVERSION = YES;
				CLANG_WARN_OBJC_ROOT_CLASS = YES_ERROR;
				CLANG_WARN_RANGE_LOOP_ANALYSIS = YES;
				CLANG_WARN_STRICT_PROTOTYPES = YES;
				CLANG_WARN_SUSPICIOUS_MOVE = YES;
				CLANG_WARN_UNGUARDED_AVAILABILITY = YES_AGGRESSIVE;
				CLANG_WARN_UNREACHABLE_CODE = YES;
				CLANG_WARN__DUPLICATE_METHOD_MATCH = YES;
				CODE_SIGN_IDENTITY = "Mac Developer";
				COPY_PHASE_STRIP = NO;
				DEBUG_INFORMATION_FORMAT = dwarf;
				ENABLE_STRICT_OBJC_MSGSEND = YES;
				ENABLE_TESTABILITY = YES;
				GCC_C_LANGUAGE_STANDARD = gnu11;
				GCC_DYNAMIC_NO_PIC = NO;
				GCC_NO_COMMON_BLOCKS = YES;
				GCC_OPTIMIZATION_LEVEL = 0;
				GCC_PREPROCESSOR_DEFINITIONS = (
					"DEBUG=1",
					"$(inherited)",
				);
				GCC_WARN_64_TO_32_BIT_CONVERSION = YES;
				GCC_WARN_ABOUT_RETURN_TYPE = YES_ERROR;
				GCC_WARN_UNDECLARED_SELECTOR = YES;
				GCC_WARN_UNINITIALIZED_AUTOS = YES_AGGRESSIVE;
				GCC_WARN_UNUSED_FUNCTION = YES;
				GCC_WARN_UNUSED_VARIABLE = YES;
				MACOSX_DEPLOYMENT_TARGET = 10.14;
				MTL_ENABLE_DEBUG_INFO = INCLUDE_SOURCE;
				ONLY_ACTIVE_ARCH = YES;
				SDKROOT = macosx;
				SWIFT_ACTIVE_COMPILATION_CONDITIONS = DEBUG;
				SWIFT_OPTIMIZATION_LEVEL = "-Onone";
			};
			name = Debug;
		};
		0A99011820E165DE00EEF20C /* Release */ = {
			isa = XCBuildConfiguration;
			buildSettings = {
				ALWAYS_SEARCH_USER_PATHS = NO;
				CLANG_ANALYZER_NONNULL = YES;
				CLANG_ANALYZER_NUMBER_OBJECT_CONVERSION = YES_AGGRESSIVE;
				CLANG_CXX_LANGUAGE_STANDARD = "gnu++14";
				CLANG_CXX_LIBRARY = "libc++";
				CLANG_ENABLE_MODULES = YES;
				CLANG_ENABLE_OBJC_ARC = YES;
				CLANG_ENABLE_OBJC_WEAK = YES;
				CLANG_WARN_BLOCK_CAPTURE_AUTORELEASING = YES;
				CLANG_WARN_BOOL_CONVERSION = YES;
				CLANG_WARN_COMMA = YES;
				CLANG_WARN_CONSTANT_CONVERSION = YES;
				CLANG_WARN_DEPRECATED_OBJC_IMPLEMENTATIONS = YES;
				CLANG_WARN_DIRECT_OBJC_ISA_USAGE = YES_ERROR;
				CLANG_WARN_DOCUMENTATION_COMMENTS = YES;
				CLANG_WARN_EMPTY_BODY = YES;
				CLANG_WARN_ENUM_CONVERSION = YES;
				CLANG_WARN_INFINITE_RECURSION = YES;
				CLANG_WARN_INT_CONVERSION = YES;
				CLANG_WARN_NON_LITERAL_NULL_CONVERSION = YES;
				CLANG_WARN_OBJC_IMPLICIT_RETAIN_SELF = YES;
				CLANG_WARN_OBJC_LITERAL_CONVERSION = YES;
				CLANG_WARN_OBJC_ROOT_CLASS = YES_ERROR;
				CLANG_WARN_RANGE_LOOP_ANALYSIS = YES;
				CLANG_WARN_STRICT_PROTOTYPES = YES;
				CLANG_WARN_SUSPICIOUS_MOVE = YES;
				CLANG_WARN_UNGUARDED_AVAILABILITY = YES_AGGRESSIVE;
				CLANG_WARN_UNREACHABLE_CODE = YES;
				CLANG_WARN__DUPLICATE_METHOD_MATCH = YES;
				CODE_SIGN_IDENTITY = "Mac Developer";
				COPY_PHASE_STRIP = NO;
				DEBUG_INFORMATION_FORMAT = "dwarf-with-dsym";
				ENABLE_NS_ASSERTIONS = NO;
				ENABLE_STRICT_OBJC_MSGSEND = YES;
				GCC_C_LANGUAGE_STANDARD = gnu11;
				GCC_NO_COMMON_BLOCKS = YES;
				GCC_WARN_64_TO_32_BIT_CONVERSION = YES;
				GCC_WARN_ABOUT_RETURN_TYPE = YES_ERROR;
				GCC_WARN_UNDECLARED_SELECTOR = YES;
				GCC_WARN_UNINITIALIZED_AUTOS = YES_AGGRESSIVE;
				GCC_WARN_UNUSED_FUNCTION = YES;
				GCC_WARN_UNUSED_VARIABLE = YES;
				MACOSX_DEPLOYMENT_TARGET = 10.14;
				MTL_ENABLE_DEBUG_INFO = NO;
				SDKROOT = macosx;
				SWIFT_COMPILATION_MODE = wholemodule;
				SWIFT_OPTIMIZATION_LEVEL = "-O";
			};
			name = Release;
		};
		0A99011A20E165DE00EEF20C /* Debug */ = {
			isa = XCBuildConfiguration;
			buildSettings = {
				ASSETCATALOG_COMPILER_APPICON_NAME = AppIcon;
				CODE_SIGN_ENTITLEMENTS = "Metal App/Metal_App.entitlements";
				CODE_SIGN_STYLE = Automatic;
				COMBINE_HIDPI_IMAGES = YES;
				DEVELOPMENT_TEAM = J3L2NJGMGJ;
				INFOPLIST_FILE = "Metal App/Info.plist";
				LD_RUNPATH_SEARCH_PATHS = (
					"$(inherited)",
					"@executable_path/../Frameworks",
				);
				PRODUCT_BUNDLE_IDENTIFIER = "com.kevinvitale.Metal-App";
				PRODUCT_NAME = "$(TARGET_NAME)";
				SWIFT_VERSION = 4.2;
			};
			name = Debug;
		};
		0A99011B20E165DE00EEF20C /* Release */ = {
			isa = XCBuildConfiguration;
			buildSettings = {
				ASSETCATALOG_COMPILER_APPICON_NAME = AppIcon;
				CODE_SIGN_ENTITLEMENTS = "Metal App/Metal_App.entitlements";
				CODE_SIGN_STYLE = Automatic;
				COMBINE_HIDPI_IMAGES = YES;
				DEVELOPMENT_TEAM = J3L2NJGMGJ;
				INFOPLIST_FILE = "Metal App/Info.plist";
				LD_RUNPATH_SEARCH_PATHS = (
					"$(inherited)",
					"@executable_path/../Frameworks",
				);
				PRODUCT_BUNDLE_IDENTIFIER = "com.kevinvitale.Metal-App";
				PRODUCT_NAME = "$(TARGET_NAME)";
				SWIFT_VERSION = 4.2;
			};
			name = Release;
		};
/* End XCBuildConfiguration section */

/* Begin XCConfigurationList section */
		0A99010420E165DD00EEF20C /* Build configuration list for PBXProject "Metal App" */ = {
			isa = XCConfigurationList;
			buildConfigurations = (
				0A99011720E165DE00EEF20C /* Debug */,
				0A99011820E165DE00EEF20C /* Release */,
			);
			defaultConfigurationIsVisible = 0;
			defaultConfigurationName = Release;
		};
		0A99011920E165DE00EEF20C /* Build configuration list for PBXNativeTarget "Metal App" */ = {
			isa = XCConfigurationList;
			buildConfigurations = (
				0A99011A20E165DE00EEF20C /* Debug */,
				0A99011B20E165DE00EEF20C /* Release */,
			);
			defaultConfigurationIsVisible = 0;
			defaultConfigurationName = Release;
		};
/* End XCConfigurationList section */
	};
	rootObject = 0A99010120E165DD00EEF20C /* Project object */;
}
